Microsoft Visual Studio Solution File, Format Version 12.00
# Visual Studio Version 17
VisualStudioVersion = 17.5.2.0
MinimumVisualStudioVersion = 10.0.40219.1
Project("{FAE04EC0-301F-11D3-BF4B-00C04F79EFBC}") = "AntennaSimulatorApp", "AntennaSimulatorApp.csproj", "{0C6AE1DA-5D97-DE00-D27C-0D2B9F0F1727}"
EndProject
Global
	GlobalSection(SolutionConfigurationPlatforms) = preSolution
		Debug|Any CPU = Debug|Any CPU
		Release|Any CPU = Release|Any CPU
	EndGlobalSection
	GlobalSection(ProjectConfigurationPlatforms) = postSolution
		{0C6AE1DA-5D97-DE00-D27C-0D2B9F0F1727}.Debug|Any CPU.ActiveCfg = Debug|Any CPU
		{0C6AE1DA-5D97-DE00-D27C-0D2B9F0F1727}.Debug|Any CPU.Build.0 = Debug|Any CPU
		{0C6AE1DA-5D97-DE00-D27C-0D2B9F0F1727}.Release|Any CPU.ActiveCfg = Release|Any CPU
		{0C6AE1DA-5D97-DE00-D27C-0D2B9F0F1727}.Release|Any CPU.Build.0 = Release|Any CPU
	EndGlobalSection
	GlobalSection(SolutionProperties) = preSolution
		HideSolutionNode = FALSE
	EndGlobalSection
	GlobalSection(ExtensibilityGlobals) = postSolution
		SolutionGuid = {1683CEBB-3D8C-42B6-94E5-6E7620157352}
	EndGlobalSection
EndGlobal
